
Microsoft Visual Studio Solution File, Format Version 12.00
# Visual Studio Version 17
VisualStudioVersion = 17.14.36221.1 d17.14
MinimumVisualStudioVersion = 10.0.40219.1
Project("{FAE04EC0-301F-11D3-BF4B-00C04F79EFBC}") = "Framework1", "Framework1\Framework1.csproj", "{5B55DBEF-B6EB-4ACD-AF69-11CE8F1AD327}"
EndProject
Global
	GlobalSection(SolutionConfigurationPlatforms) = preSolution
		Debug|Any CPU = Debug|Any CPU
		Release|Any CPU = Release|Any CPU
	EndGlobalSection
	GlobalSection(ProjectConfigurationPlatforms) = postSolution
		{5B55DBEF-B6EB-4ACD-AF69-11CE8F1AD327}.Debug|Any CPU.ActiveCfg = Debug|Any CPU
		{5B55DBEF-B6EB-4ACD-AF69-11CE8F1AD327}.Debug|Any CPU.Build.0 = Debug|Any CPU
		{5B55DBEF-B6EB-4ACD-AF69-11CE8F1AD327}.Release|Any CPU.ActiveCfg = Release|Any CPU
		{5B55DBEF-B6EB-4ACD-AF69-11CE8F1AD327}.Release|Any CPU.Build.0 = Release|Any CPU
	EndGlobalSection
	GlobalSection(SolutionProperties) = preSolution
		HideSolutionNode = FALSE
	EndGlobalSection
	GlobalSection(ExtensibilityGlobals) = postSolution
		SolutionGuid = {FB2DE391-226F-4978-9ED6-2BFA5AA3410E}
	EndGlobalSection
EndGlobal
